
Microsoft Visual Studio Solution File, Format Version 12.00
# Visual Studio Version 17
VisualStudioVersion = 17.4.33110.190
MinimumVisualStudioVersion = 10.0.40219.1
Project("{FAE04EC0-301F-11D3-BF4B-00C04F79EFBC}") = "StudentAPI", "StudentAPI\StudentAPI.csproj", "{15047130-D448-47CD-BED0-D62E1F150086}"
EndProject
Project("{FAE04EC0-301F-11D3-BF4B-00C04F79EFBC}") = "StudentXunitTest", "StudentXunitTest\StudentXunitTest.csproj", "{AA1BF5F7-6B64-4B0F-8F98-527EE6F25431}"
EndProject
Global
	GlobalSection(SolutionConfigurationPlatforms) = preSolution
		Debug|Any CPU = Debug|Any CPU
		Release|Any CPU = Release|Any CPU
	EndGlobalSection
	GlobalSection(ProjectConfigurationPlatforms) = postSolution
		{15047130-D448-47CD-BED0-D62E1F150086}.Debug|Any CPU.ActiveCfg = Debug|Any CPU
		{15047130-D448-47CD-BED0-D62E1F150086}.Debug|Any CPU.Build.0 = Debug|Any CPU
		{15047130-D448-47CD-BED0-D62E1F150086}.Release|Any CPU.ActiveCfg = Release|Any CPU
		{15047130-D448-47CD-BED0-D62E1F150086}.Release|Any CPU.Build.0 = Release|Any CPU
		{AA1BF5F7-6B64-4B0F-8F98-527EE6F25431}.Debug|Any CPU.ActiveCfg = Debug|Any CPU
		{AA1BF5F7-6B64-4B0F-8F98-527EE6F25431}.Debug|Any CPU.Build.0 = Debug|Any CPU
		{AA1BF5F7-6B64-4B0F-8F98-527EE6F25431}.Release|Any CPU.ActiveCfg = Release|Any CPU
		{AA1BF5F7-6B64-4B0F-8F98-527EE6F25431}.Release|Any CPU.Build.0 = Release|Any CPU
	EndGlobalSection
	GlobalSection(SolutionProperties) = preSolution
		HideSolutionNode = FALSE
	EndGlobalSection
	GlobalSection(ExtensibilityGlobals) = postSolution
		SolutionGuid = {1D6CFDFC-BA0F-4803-A769-0ACCE49C851A}
	EndGlobalSection
EndGlobal
